
Microsoft Visual Studio Solution File, Format Version 12.00
# Visual Studio Version 17
VisualStudioVersion = 17.0.31903.59
MinimumVisualStudioVersion = 10.0.40219.1
Project("{2150E333-8FDC-42A3-9474-1A3956D46DE8}") = "Blog", "Blog", "{9D304884-2D48-4AC2-A1CE-B6B20EAA40BC}"
EndProject
Project("{2150E333-8FDC-42A3-9474-1A3956D46DE8}") = "Core", "Core", "{704FC30A-161E-4684-B104-92C7BF3175BE}"
EndProject
Project("{FAE04EC0-301F-11D3-BF4B-00C04F79EFBC}") = "Domain", "Blog\src\Core\Domain\Domain.csproj", "{CB9D6AD5-3ACA-4036-9E58-84112434E09E}"
EndProject
Project("{FAE04EC0-301F-11D3-BF4B-00C04F79EFBC}") = "Application", "Blog\src\Core\Application\Application.csproj", "{07053283-2675-4EB3-831F-62B32580512B}"
EndProject
Project("{2150E333-8FDC-42A3-9474-1A3956D46DE8}") = "src", "src", "{CC996094-8A17-421A-A3D5-CC703D6A4BDF}"
EndProject
Project("{2150E333-8FDC-42A3-9474-1A3956D46DE8}") = "Infrastructure", "Infrastructure", "{F4AED4E6-6E04-4592-B883-1F2BB458EBCF}"
EndProject
Project("{FAE04EC0-301F-11D3-BF4B-00C04F79EFBC}") = "Persistence", "Blog\src\Infrastructure\Persistence\Persistence.csproj", "{F0FD794D-DE6A-4F9C-BCD3-96B2895C151E}"
EndProject
Project("{FAE04EC0-301F-11D3-BF4B-00C04F79EFBC}") = "Infrastructure", "Blog\src\Infrastructure\Infrastructure\Infrastructure.csproj", "{1D58B06B-BC73-4616-B04B-53AB3163B9F7}"
EndProject
Global
	GlobalSection(SolutionConfigurationPlatforms) = preSolution
		Debug|Any CPU = Debug|Any CPU
		Release|Any CPU = Release|Any CPU
	EndGlobalSection
	GlobalSection(SolutionProperties) = preSolution
		HideSolutionNode = FALSE
	EndGlobalSection
	GlobalSection(ProjectConfigurationPlatforms) = postSolution
		{CB9D6AD5-3ACA-4036-9E58-84112434E09E}.Debug|Any CPU.ActiveCfg = Debug|Any CPU
		{CB9D6AD5-3ACA-4036-9E58-84112434E09E}.Debug|Any CPU.Build.0 = Debug|Any CPU
		{CB9D6AD5-3ACA-4036-9E58-84112434E09E}.Release|Any CPU.ActiveCfg = Release|Any CPU
		{CB9D6AD5-3ACA-4036-9E58-84112434E09E}.Release|Any CPU.Build.0 = Release|Any CPU
		{07053283-2675-4EB3-831F-62B32580512B}.Debug|Any CPU.ActiveCfg = Debug|Any CPU
		{07053283-2675-4EB3-831F-62B32580512B}.Debug|Any CPU.Build.0 = Debug|Any CPU
		{07053283-2675-4EB3-831F-62B32580512B}.Release|Any CPU.ActiveCfg = Release|Any CPU
		{07053283-2675-4EB3-831F-62B32580512B}.Release|Any CPU.Build.0 = Release|Any CPU
		{F0FD794D-DE6A-4F9C-BCD3-96B2895C151E}.Debug|Any CPU.ActiveCfg = Debug|Any CPU
		{F0FD794D-DE6A-4F9C-BCD3-96B2895C151E}.Debug|Any CPU.Build.0 = Debug|Any CPU
		{F0FD794D-DE6A-4F9C-BCD3-96B2895C151E}.Release|Any CPU.ActiveCfg = Release|Any CPU
		{F0FD794D-DE6A-4F9C-BCD3-96B2895C151E}.Release|Any CPU.Build.0 = Release|Any CPU
		{1D58B06B-BC73-4616-B04B-53AB3163B9F7}.Debug|Any CPU.ActiveCfg = Debug|Any CPU
		{1D58B06B-BC73-4616-B04B-53AB3163B9F7}.Debug|Any CPU.Build.0 = Debug|Any CPU
		{1D58B06B-BC73-4616-B04B-53AB3163B9F7}.Release|Any CPU.ActiveCfg = Release|Any CPU
		{1D58B06B-BC73-4616-B04B-53AB3163B9F7}.Release|Any CPU.Build.0 = Release|Any CPU
	EndGlobalSection
	GlobalSection(NestedProjects) = preSolution
		{704FC30A-161E-4684-B104-92C7BF3175BE} = {9D304884-2D48-4AC2-A1CE-B6B20EAA40BC}
		{CB9D6AD5-3ACA-4036-9E58-84112434E09E} = {704FC30A-161E-4684-B104-92C7BF3175BE}
		{07053283-2675-4EB3-831F-62B32580512B} = {704FC30A-161E-4684-B104-92C7BF3175BE}
		{CC996094-8A17-421A-A3D5-CC703D6A4BDF} = {9D304884-2D48-4AC2-A1CE-B6B20EAA40BC}
		{F4AED4E6-6E04-4592-B883-1F2BB458EBCF} = {CC996094-8A17-421A-A3D5-CC703D6A4BDF}
		{F0FD794D-DE6A-4F9C-BCD3-96B2895C151E} = {F4AED4E6-6E04-4592-B883-1F2BB458EBCF}
		{1D58B06B-BC73-4616-B04B-53AB3163B9F7} = {F4AED4E6-6E04-4592-B883-1F2BB458EBCF}
	EndGlobalSection
EndGlobal
