
Microsoft Visual Studio Solution File, Format Version 12.00
# Visual Studio Version 17
VisualStudioVersion = 17.0.31903.59
MinimumVisualStudioVersion = 10.0.40219.1
Project("{2150E333-8FDC-42A3-9474-1A3956D46DE8}") = "Day 4", "Day 4", "{9A64DF38-3BFE-4805-8244-47D06DF24E53}"
EndProject
Project("{FAE04EC0-301F-11D3-BF4B-00C04F79EFBC}") = "task1", "Day 4\task1\task1.csproj", "{1A9A9455-612F-44DE-8F9E-94AEC7A0539F}"
EndProject
Global
	GlobalSection(SolutionConfigurationPlatforms) = preSolution
		Debug|Any CPU = Debug|Any CPU
		Release|Any CPU = Release|Any CPU
	EndGlobalSection
	GlobalSection(SolutionProperties) = preSolution
		HideSolutionNode = FALSE
	EndGlobalSection
	GlobalSection(ProjectConfigurationPlatforms) = postSolution
		{1A9A9455-612F-44DE-8F9E-94AEC7A0539F}.Debug|Any CPU.ActiveCfg = Debug|Any CPU
		{1A9A9455-612F-44DE-8F9E-94AEC7A0539F}.Debug|Any CPU.Build.0 = Debug|Any CPU
		{1A9A9455-612F-44DE-8F9E-94AEC7A0539F}.Release|Any CPU.ActiveCfg = Release|Any CPU
		{1A9A9455-612F-44DE-8F9E-94AEC7A0539F}.Release|Any CPU.Build.0 = Release|Any CPU
	EndGlobalSection
	GlobalSection(NestedProjects) = preSolution
		{1A9A9455-612F-44DE-8F9E-94AEC7A0539F} = {9A64DF38-3BFE-4805-8244-47D06DF24E53}
	EndGlobalSection
EndGlobal
